
Microsoft Visual Studio Solution File, Format Version 12.00
# Visual Studio Version 16
VisualStudioVersion = 16.0.29424.173
MinimumVisualStudioVersion = 10.0.40219.1
Project("{9A19103F-16F7-4668-BE54-9A1E7A4F7556}") = "onegate", "code\onegate.csproj", "{173C831A-AD64-4EBA-B43E-83F7E49D747F}"
EndProject
Global
	GlobalSection(SolutionConfigurationPlatforms) = preSolution
		Debug|Any CPU = Debug|Any CPU
		Release|Any CPU = Release|Any CPU
	EndGlobalSection
	GlobalSection(ProjectConfigurationPlatforms) = postSolution
		{173C831A-AD64-4EBA-B43E-83F7E49D747F}.Debug|Any CPU.ActiveCfg = Debug|Any CPU
		{173C831A-AD64-4EBA-B43E-83F7E49D747F}.Debug|Any CPU.Build.0 = Debug|Any CPU
		{173C831A-AD64-4EBA-B43E-83F7E49D747F}.Release|Any CPU.ActiveCfg = Release|Any CPU
		{173C831A-AD64-4EBA-B43E-83F7E49D747F}.Release|Any CPU.Build.0 = Release|Any CPU
	EndGlobalSection
	GlobalSection(SolutionProperties) = preSolution
		HideSolutionNode = FALSE
	EndGlobalSection
	GlobalSection(ExtensibilityGlobals) = postSolution
		SolutionGuid = {461D8954-70C4-49B1-8B22-2EA990ADB931}
	EndGlobalSection
EndGlobal
